
Microsoft Visual Studio Solution File, Format Version 12.00
# Visual Studio Version 16
VisualStudioVersion = 16.0.30011.22
MinimumVisualStudioVersion = 10.0.40219.1
Project("{FAE04EC0-301F-11D3-BF4B-00C04F79EFBC}") = "StardewSpeak", "StardewSpeak\StardewSpeak.csproj", "{4487EFB9-4E86-41F9-B6DA-EC809CD6242B}"
EndProject
Global
	GlobalSection(SolutionConfigurationPlatforms) = preSolution
		Debug|Any CPU = Debug|Any CPU
		Release|Any CPU = Release|Any CPU
	EndGlobalSection
	GlobalSection(ProjectConfigurationPlatforms) = postSolution
		{4487EFB9-4E86-41F9-B6DA-EC809CD6242B}.Debug|Any CPU.ActiveCfg = Debug|Any CPU
		{4487EFB9-4E86-41F9-B6DA-EC809CD6242B}.Debug|Any CPU.Build.0 = Debug|Any CPU
		{4487EFB9-4E86-41F9-B6DA-EC809CD6242B}.Release|Any CPU.ActiveCfg = Release|Any CPU
		{4487EFB9-4E86-41F9-B6DA-EC809CD6242B}.Release|Any CPU.Build.0 = Release|Any CPU
	EndGlobalSection
	GlobalSection(SolutionProperties) = preSolution
		HideSolutionNode = FALSE
	EndGlobalSection
	GlobalSection(ExtensibilityGlobals) = postSolution
		SolutionGuid = {B6FBD3E5-8B3F-4D3A-B23D-5978E3BD33E7}
	EndGlobalSection
EndGlobal
